// !$*UTF8*$!
{
	archiveVersion = 1;
	classes = {
	};
	objectVersion = 50;
	objects = {

/* Begin PBXBuildFile section */
		5CBBB3E9272719C100EFE74B /* AppDelegate.swift in Sources */ = {isa = PBXBuildFile; fileRef = 5CBBB3E8272719C100EFE74B /* AppDelegate.swift */; };
		5CBBB3EB272719C100EFE74B /* SceneDelegate.swift in Sources */ = {isa = PBXBuildFile; fileRef = 5CBBB3EA272719C100EFE74B /* SceneDelegate.swift */; };
		5CBBB3F0272719C100EFE74B /* Main.storyboard in Resources */ = {isa = PBXBuildFile; fileRef = 5CBBB3EE272719C100EFE74B /* Main.storyboard */; };
		5CBBB3F2272719D200EFE74B /* Assets.xcassets in Resources */ = {isa = PBXBuildFile; fileRef = 5CBBB3F1272719D200EFE74B /* Assets.xcassets */; };
		5CBBB3F5272719D200EFE74B /* LaunchScreen.storyboard in Resources */ = {isa = PBXBuildFile; fileRef = 5CBBB3F3272719D200EFE74B /* LaunchScreen.storyboard */; };
		5CBBB400272719D200EFE74B /* MovieDBTests.swift in Sources */ = {isa = PBXBuildFile; fileRef = 5CBBB3FF272719D200EFE74B /* MovieDBTests.swift */; };
		5CBBB40B272719D300EFE74B /* MovieDBUITests.swift in Sources */ = {isa = PBXBuildFile; fileRef = 5CBBB40A272719D300EFE74B /* MovieDBUITests.swift */; };
		5CBBB43D27276B4400EFE74B /* Signing.storyboard in Resources */ = {isa = PBXBuildFile; fileRef = 5CBBB43C27276B4400EFE74B /* Signing.storyboard */; };
		5CBBB44727276BDF00EFE74B /* MovieCollectionViewCell.swift in Sources */ = {isa = PBXBuildFile; fileRef = 5CBBB44527276BDF00EFE74B /* MovieCollectionViewCell.swift */; };
		5CBBB44827276BDF00EFE74B /* MovieCollectionViewCell.xib in Resources */ = {isa = PBXBuildFile; fileRef = 5CBBB44627276BDF00EFE74B /* MovieCollectionViewCell.xib */; };
		5CBBB45027276C6E00EFE74B /* LoginViewController.swift in Sources */ = {isa = PBXBuildFile; fileRef = 5CBBB44F27276C6E00EFE74B /* LoginViewController.swift */; };
		5CBBB456272773F900EFE74B /* UIViewController.swift in Sources */ = {isa = PBXBuildFile; fileRef = 5CBBB455272773F900EFE74B /* UIViewController.swift */; };
		5CBBB45E2727746000EFE74B /* AppStoryboard.swift in Sources */ = {isa = PBXBuildFile; fileRef = 5CBBB45D2727746000EFE74B /* AppStoryboard.swift */; };
		5CBBB463272775CC00EFE74B /* MovieDBUserDefaults.swift in Sources */ = {isa = PBXBuildFile; fileRef = 5CBBB462272775CC00EFE74B /* MovieDBUserDefaults.swift */; };
		5CBBB4682727767B00EFE74B /* LoginViewModel.swift in Sources */ = {isa = PBXBuildFile; fileRef = 5CBBB4672727767B00EFE74B /* LoginViewModel.swift */; };
		5CBBB46E27277DCF00EFE74B /* MovieDBManager.swift in Sources */ = {isa = PBXBuildFile; fileRef = 5CBBB46D27277DCF00EFE74B /* MovieDBManager.swift */; };
		5CBBB47627277E1A00EFE74B /* HttpUtilities.swift in Sources */ = {isa = PBXBuildFile; fileRef = 5CBBB47527277E1A00EFE74B /* HttpUtilities.swift */; };
		5CBBB47B272781F400EFE74B /* Common.swift in Sources */ = {isa = PBXBuildFile; fileRef = 5CBBB47A272781F400EFE74B /* Common.swift */; };
		5CBBB480272782EE00EFE74B /* Login.swift in Sources */ = {isa = PBXBuildFile; fileRef = 5CBBB47F272782EE00EFE74B /* Login.swift */; };
		5CBBB4852727836A00EFE74B /* LoginValidation.swift in Sources */ = {isa = PBXBuildFile; fileRef = 5CBBB4842727836A00EFE74B /* LoginValidation.swift */; };
		5CBBB48A2727872000EFE74B /* Session.swift in Sources */ = {isa = PBXBuildFile; fileRef = 5CBBB4892727872000EFE74B /* Session.swift */; };
		5CBBB48F272796C100EFE74B /* UIApplication.swift in Sources */ = {isa = PBXBuildFile; fileRef = 5CBBB48E272796C100EFE74B /* UIApplication.swift */; };
		5CBBB4942727976200EFE74B /* MainViewController.swift in Sources */ = {isa = PBXBuildFile; fileRef = 5CBBB4932727976200EFE74B /* MainViewController.swift */; };
/* End PBXBuildFile section */

/* Begin PBXContainerItemProxy section */
		5CBBB3FC272719D200EFE74B /* PBXContainerItemProxy */ = {
			isa = PBXContainerItemProxy;
			containerPortal = 5CBBB3DD272719C100EFE74B /* Project object */;
			proxyType = 1;
			remoteGlobalIDString = 5CBBB3E4272719C100EFE74B;
			remoteInfo = MovieDB;
		};
		5CBBB407272719D300EFE74B /* PBXContainerItemProxy */ = {
			isa = PBXContainerItemProxy;
			containerPortal = 5CBBB3DD272719C100EFE74B /* Project object */;
			proxyType = 1;
			remoteGlobalIDString = 5CBBB3E4272719C100EFE74B;
			remoteInfo = MovieDB;
		};
/* End PBXContainerItemProxy section */

/* Begin PBXFileReference section */
		5CBBB3E5272719C100EFE74B /* MovieDB.app */ = {isa = PBXFileReference; explicitFileType = wrapper.application; includeInIndex = 0; path = MovieDB.app; sourceTree = BUILT_PRODUCTS_DIR; };
		5CBBB3E8272719C100EFE74B /* AppDelegate.swift */ = {isa = PBXFileReference; lastKnownFileType = sourcecode.swift; path = AppDelegate.swift; sourceTree = "<group>"; };
		5CBBB3EA272719C100EFE74B /* SceneDelegate.swift */ = {isa = PBXFileReference; lastKnownFileType = sourcecode.swift; path = SceneDelegate.swift; sourceTree = "<group>"; };
		5CBBB3EF272719C100EFE74B /* Base */ = {isa = PBXFileReference; lastKnownFileType = file.storyboard; name = Base; path = Base.lproj/Main.storyboard; sourceTree = "<group>"; };
		5CBBB3F1272719D200EFE74B /* Assets.xcassets */ = {isa = PBXFileReference; lastKnownFileType = folder.assetcatalog; path = Assets.xcassets; sourceTree = "<group>"; };
		5CBBB3F4272719D200EFE74B /* Base */ = {isa = PBXFileReference; lastKnownFileType = file.storyboard; name = Base; path = Base.lproj/LaunchScreen.storyboard; sourceTree = "<group>"; };
		5CBBB3F6272719D200EFE74B /* Info.plist */ = {isa = PBXFileReference; lastKnownFileType = text.plist.xml; path = Info.plist; sourceTree = "<group>"; };
		5CBBB3FB272719D200EFE74B /* MovieDBTests.xctest */ = {isa = PBXFileReference; explicitFileType = wrapper.cfbundle; includeInIndex = 0; path = MovieDBTests.xctest; sourceTree = BUILT_PRODUCTS_DIR; };
		5CBBB3FF272719D200EFE74B /* MovieDBTests.swift */ = {isa = PBXFileReference; lastKnownFileType = sourcecode.swift; path = MovieDBTests.swift; sourceTree = "<group>"; };
		5CBBB401272719D200EFE74B /* Info.plist */ = {isa = PBXFileReference; lastKnownFileType = text.plist.xml; path = Info.plist; sourceTree = "<group>"; };
		5CBBB406272719D300EFE74B /* MovieDBUITests.xctest */ = {isa = PBXFileReference; explicitFileType = wrapper.cfbundle; includeInIndex = 0; path = MovieDBUITests.xctest; sourceTree = BUILT_PRODUCTS_DIR; };
		5CBBB40A272719D300EFE74B /* MovieDBUITests.swift */ = {isa = PBXFileReference; lastKnownFileType = sourcecode.swift; path = MovieDBUITests.swift; sourceTree = "<group>"; };
		5CBBB40C272719D300EFE74B /* Info.plist */ = {isa = PBXFileReference; lastKnownFileType = text.plist.xml; path = Info.plist; sourceTree = "<group>"; };
		5CBBB43C27276B4400EFE74B /* Signing.storyboard */ = {isa = PBXFileReference; lastKnownFileType = file.storyboard; path = Signing.storyboard; sourceTree = "<group>"; };
		5CBBB44527276BDF00EFE74B /* MovieCollectionViewCell.swift */ = {isa = PBXFileReference; lastKnownFileType = sourcecode.swift; path = MovieCollectionViewCell.swift; sourceTree = "<group>"; };
		5CBBB44627276BDF00EFE74B /* MovieCollectionViewCell.xib */ = {isa = PBXFileReference; lastKnownFileType = file.xib; path = MovieCollectionViewCell.xib; sourceTree = "<group>"; };
		5CBBB44F27276C6E00EFE74B /* LoginViewController.swift */ = {isa = PBXFileReference; lastKnownFileType = sourcecode.swift; path = LoginViewController.swift; sourceTree = "<group>"; };
		5CBBB455272773F900EFE74B /* UIViewController.swift */ = {isa = PBXFileReference; lastKnownFileType = sourcecode.swift; path = UIViewController.swift; sourceTree = "<group>"; };
		5CBBB45D2727746000EFE74B /* AppStoryboard.swift */ = {isa = PBXFileReference; lastKnownFileType = sourcecode.swift; path = AppStoryboard.swift; sourceTree = "<group>"; };
		5CBBB462272775CC00EFE74B /* MovieDBUserDefaults.swift */ = {isa = PBXFileReference; lastKnownFileType = sourcecode.swift; path = MovieDBUserDefaults.swift; sourceTree = "<group>"; };
		5CBBB4672727767B00EFE74B /* LoginViewModel.swift */ = {isa = PBXFileReference; lastKnownFileType = sourcecode.swift; path = LoginViewModel.swift; sourceTree = "<group>"; };
		5CBBB46D27277DCF00EFE74B /* MovieDBManager.swift */ = {isa = PBXFileReference; lastKnownFileType = sourcecode.swift; path = MovieDBManager.swift; sourceTree = "<group>"; };
		5CBBB47527277E1A00EFE74B /* HttpUtilities.swift */ = {isa = PBXFileReference; lastKnownFileType = sourcecode.swift; path = HttpUtilities.swift; sourceTree = "<group>"; };
		5CBBB47A272781F400EFE74B /* Common.swift */ = {isa = PBXFileReference; lastKnownFileType = sourcecode.swift; path = Common.swift; sourceTree = "<group>"; };
		5CBBB47F272782EE00EFE74B /* Login.swift */ = {isa = PBXFileReference; lastKnownFileType = sourcecode.swift; path = Login.swift; sourceTree = "<group>"; };
		5CBBB4842727836A00EFE74B /* LoginValidation.swift */ = {isa = PBXFileReference; lastKnownFileType = sourcecode.swift; path = LoginValidation.swift; sourceTree = "<group>"; };
		5CBBB4892727872000EFE74B /* Session.swift */ = {isa = PBXFileReference; lastKnownFileType = sourcecode.swift; path = Session.swift; sourceTree = "<group>"; };
		5CBBB48E272796C100EFE74B /* UIApplication.swift */ = {isa = PBXFileReference; lastKnownFileType = sourcecode.swift; path = UIApplication.swift; sourceTree = "<group>"; };
		5CBBB4932727976200EFE74B /* MainViewController.swift */ = {isa = PBXFileReference; lastKnownFileType = sourcecode.swift; path = MainViewController.swift; sourceTree = "<group>"; };
/* End PBXFileReference section */

/* Begin PBXFrameworksBuildPhase section */
		5CBBB3E2272719C100EFE74B /* Frameworks */ = {
			isa = PBXFrameworksBuildPhase;
			buildActionMask = 2147483647;
			files = (
			);
			runOnlyForDeploymentPostprocessing = 0;
		};
		5CBBB3F8272719D200EFE74B /* Frameworks */ = {
			isa = PBXFrameworksBuildPhase;
			buildActionMask = 2147483647;
			files = (
			);
			runOnlyForDeploymentPostprocessing = 0;
		};
		5CBBB403272719D300EFE74B /* Frameworks */ = {
			isa = PBXFrameworksBuildPhase;
			buildActionMask = 2147483647;
			files = (
			);
			runOnlyForDeploymentPostprocessing = 0;
		};
/* End PBXFrameworksBuildPhase section */

/* Begin PBXGroup section */
		5CBBB3DC272719C100EFE74B = {
			isa = PBXGroup;
			children = (
				5CBBB3E7272719C100EFE74B /* MovieDB */,
				5CBBB3FE272719D200EFE74B /* MovieDBTests */,
				5CBBB409272719D300EFE74B /* MovieDBUITests */,
				5CBBB3E6272719C100EFE74B /* Products */,
			);
			sourceTree = "<group>";
		};
		5CBBB3E6272719C100EFE74B /* Products */ = {
			isa = PBXGroup;
			children = (
				5CBBB3E5272719C100EFE74B /* MovieDB.app */,
				5CBBB3FB272719D200EFE74B /* MovieDBTests.xctest */,
				5CBBB406272719D300EFE74B /* MovieDBUITests.xctest */,
			);
			name = Products;
			sourceTree = "<group>";
		};
		5CBBB3E7272719C100EFE74B /* MovieDB */ = {
			isa = PBXGroup;
			children = (
				5CBBB46C27277DBB00EFE74B /* Networking */,
				5CBBB43227276ABB00EFE74B /* App */,
				5CBBB43127276AA400EFE74B /* Common */,
				5CBBB43027276A9D00EFE74B /* Models */,
				5CBBB42F27276A9500EFE74B /* Views */,
				5CBBB42E27276A8C00EFE74B /* ViewControllers */,
				5CBBB42D27276A8400EFE74B /* ViewModels */,
				5CBBB44427276B6C00EFE74B /* Validation */,
				5CBBB43A27276AD700EFE74B /* Utilities */,
				5CBBB3F6272719D200EFE74B /* Info.plist */,
			);
			path = MovieDB;
			sourceTree = "<group>";
		};
		5CBBB3FE272719D200EFE74B /* MovieDBTests */ = {
			isa = PBXGroup;
			children = (
				5CBBB3FF272719D200EFE74B /* MovieDBTests.swift */,
				5CBBB401272719D200EFE74B /* Info.plist */,
			);
			path = MovieDBTests;
			sourceTree = "<group>";
		};
		5CBBB409272719D300EFE74B /* MovieDBUITests */ = {
			isa = PBXGroup;
			children = (
				5CBBB40A272719D300EFE74B /* MovieDBUITests.swift */,
				5CBBB40C272719D300EFE74B /* Info.plist */,
			);
			path = MovieDBUITests;
			sourceTree = "<group>";
		};
		5CBBB42D27276A8400EFE74B /* ViewModels */ = {
			isa = PBXGroup;
			children = (
				5CBBB43B27276AF200EFE74B /* DataSource */,
				5CBBB4672727767B00EFE74B /* LoginViewModel.swift */,
			);
			path = ViewModels;
			sourceTree = "<group>";
		};
		5CBBB42E27276A8C00EFE74B /* ViewControllers */ = {
			isa = PBXGroup;
			children = (
				5CBBB44F27276C6E00EFE74B /* LoginViewController.swift */,
				5CBBB4932727976200EFE74B /* MainViewController.swift */,
			);
			path = ViewControllers;
			sourceTree = "<group>";
		};
		5CBBB42F27276A9500EFE74B /* Views */ = {
			isa = PBXGroup;
			children = (
				5CBBB43927276AC900EFE74B /* Cells */,
				5CBBB3EE272719C100EFE74B /* Main.storyboard */,
				5CBBB3F3272719D200EFE74B /* LaunchScreen.storyboard */,
				5CBBB43C27276B4400EFE74B /* Signing.storyboard */,
			);
			path = Views;
			sourceTree = "<group>";
		};
		5CBBB43027276A9D00EFE74B /* Models */ = {
			isa = PBXGroup;
			children = (
				5CBBB47F272782EE00EFE74B /* Login.swift */,
				5CBBB4892727872000EFE74B /* Session.swift */,
			);
			path = Models;
			sourceTree = "<group>";
		};
		5CBBB43127276AA400EFE74B /* Common */ = {
			isa = PBXGroup;
			children = (
				5CBBB47A272781F400EFE74B /* Common.swift */,
			);
			path = Common;
			sourceTree = "<group>";
		};
		5CBBB43227276ABB00EFE74B /* App */ = {
			isa = PBXGroup;
			children = (
				5CBBB3E8272719C100EFE74B /* AppDelegate.swift */,
				5CBBB3EA272719C100EFE74B /* SceneDelegate.swift */,
				5CBBB3F1272719D200EFE74B /* Assets.xcassets */,
			);
			path = App;
			sourceTree = "<group>";
		};
		5CBBB43927276AC900EFE74B /* Cells */ = {
			isa = PBXGroup;
			children = (
				5CBBB44527276BDF00EFE74B /* MovieCollectionViewCell.swift */,
				5CBBB44627276BDF00EFE74B /* MovieCollectionViewCell.xib */,
			);
			path = Cells;
			sourceTree = "<group>";
		};
		5CBBB43A27276AD700EFE74B /* Utilities */ = {
			isa = PBXGroup;
			children = (
				5CBBB454272773E300EFE74B /* Extensions */,
				5CBBB45D2727746000EFE74B /* AppStoryboard.swift */,
			);
			path = Utilities;
			sourceTree = "<group>";
		};
		5CBBB43B27276AF200EFE74B /* DataSource */ = {
			isa = PBXGroup;
			children = (
			);
			path = DataSource;
			sourceTree = "<group>";
		};
		5CBBB44427276B6C00EFE74B /* Validation */ = {
			isa = PBXGroup;
			children = (
				5CBBB4842727836A00EFE74B /* LoginValidation.swift */,
			);
			path = Validation;
			sourceTree = "<group>";
		};
		5CBBB454272773E300EFE74B /* Extensions */ = {
			isa = PBXGroup;
			children = (
				5CBBB455272773F900EFE74B /* UIViewController.swift */,
				5CBBB462272775CC00EFE74B /* MovieDBUserDefaults.swift */,
				5CBBB48E272796C100EFE74B /* UIApplication.swift */,
			);
			path = Extensions;
			sourceTree = "<group>";
		};
		5CBBB46C27277DBB00EFE74B /* Networking */ = {
			isa = PBXGroup;
			children = (
				5CBBB46D27277DCF00EFE74B /* MovieDBManager.swift */,
				5CBBB47527277E1A00EFE74B /* HttpUtilities.swift */,
			);
			path = Networking;
			sourceTree = "<group>";
		};
/* End PBXGroup section */

/* Begin PBXNativeTarget section */
		5CBBB3E4272719C100EFE74B /* MovieDB */ = {
			isa = PBXNativeTarget;
			buildConfigurationList = 5CBBB40F272719D300EFE74B /* Build configuration list for PBXNativeTarget "MovieDB" */;
			buildPhases = (
				5CBBB3E1272719C100EFE74B /* Sources */,
				5CBBB3E2272719C100EFE74B /* Frameworks */,
				5CBBB3E3272719C100EFE74B /* Resources */,
			);
			buildRules = (
			);
			dependencies = (
			);
			name = MovieDB;
			productName = MovieDB;
			productReference = 5CBBB3E5272719C100EFE74B /* MovieDB.app */;
			productType = "com.apple.product-type.application";
		};
		5CBBB3FA272719D200EFE74B /* MovieDBTests */ = {
			isa = PBXNativeTarget;
			buildConfigurationList = 5CBBB412272719D300EFE74B /* Build configuration list for PBXNativeTarget "MovieDBTests" */;
			buildPhases = (
				5CBBB3F7272719D200EFE74B /* Sources */,
				5CBBB3F8272719D200EFE74B /* Frameworks */,
				5CBBB3F9272719D200EFE74B /* Resources */,
			);
			buildRules = (
			);
			dependencies = (
				5CBBB3FD272719D200EFE74B /* PBXTargetDependency */,
			);
			name = MovieDBTests;
			productName = MovieDBTests;
			productReference = 5CBBB3FB272719D200EFE74B /* MovieDBTests.xctest */;
			productType = "com.apple.product-type.bundle.unit-test";
		};
		5CBBB405272719D300EFE74B /* MovieDBUITests */ = {
			isa = PBXNativeTarget;
			buildConfigurationList = 5CBBB415272719D300EFE74B /* Build configuration list for PBXNativeTarget "MovieDBUITests" */;
			buildPhases = (
				5CBBB402272719D300EFE74B /* Sources */,
				5CBBB403272719D300EFE74B /* Frameworks */,
				5CBBB404272719D300EFE74B /* Resources */,
			);
			buildRules = (
			);
			dependencies = (
				5CBBB408272719D300EFE74B /* PBXTargetDependency */,
			);
			name = MovieDBUITests;
			productName = MovieDBUITests;
			productReference = 5CBBB406272719D300EFE74B /* MovieDBUITests.xctest */;
			productType = "com.apple.product-type.bundle.ui-testing";
		};
/* End PBXNativeTarget section */

/* Begin PBXProject section */
		5CBBB3DD272719C100EFE74B /* Project object */ = {
			isa = PBXProject;
			attributes = {
				LastSwiftUpdateCheck = 1230;
				LastUpgradeCheck = 1230;
				TargetAttributes = {
					5CBBB3E4272719C100EFE74B = {
						CreatedOnToolsVersion = 12.3;
					};
					5CBBB3FA272719D200EFE74B = {
						CreatedOnToolsVersion = 12.3;
						TestTargetID = 5CBBB3E4272719C100EFE74B;
					};
					5CBBB405272719D300EFE74B = {
						CreatedOnToolsVersion = 12.3;
						TestTargetID = 5CBBB3E4272719C100EFE74B;
					};
				};
			};
			buildConfigurationList = 5CBBB3E0272719C100EFE74B /* Build configuration list for PBXProject "MovieDB" */;
			compatibilityVersion = "Xcode 9.3";
			developmentRegion = en;
			hasScannedForEncodings = 0;
			knownRegions = (
				en,
				Base,
			);
			mainGroup = 5CBBB3DC272719C100EFE74B;
			productRefGroup = 5CBBB3E6272719C100EFE74B /* Products */;
			projectDirPath = "";
			projectRoot = "";
			targets = (
				5CBBB3E4272719C100EFE74B /* MovieDB */,
				5CBBB3FA272719D200EFE74B /* MovieDBTests */,
				5CBBB405272719D300EFE74B /* MovieDBUITests */,
			);
		};
/* End PBXProject section */

/* Begin PBXResourcesBuildPhase section */
		5CBBB3E3272719C100EFE74B /* Resources */ = {
			isa = PBXResourcesBuildPhase;
			buildActionMask = 2147483647;
			files = (
				5CBBB44827276BDF00EFE74B /* MovieCollectionViewCell.xib in Resources */,
				5CBBB43D27276B4400EFE74B /* Signing.storyboard in Resources */,
				5CBBB3F5272719D200EFE74B /* LaunchScreen.storyboard in Resources */,
				5CBBB3F2272719D200EFE74B /* Assets.xcassets in Resources */,
				5CBBB3F0272719C100EFE74B /* Main.storyboard in Resources */,
			);
			runOnlyForDeploymentPostprocessing = 0;
		};
		5CBBB3F9272719D200EFE74B /* Resources */ = {
			isa = PBXResourcesBuildPhase;
			buildActionMask = 2147483647;
			files = (
			);
			runOnlyForDeploymentPostprocessing = 0;
		};
		5CBBB404272719D300EFE74B /* Resources */ = {
			isa = PBXResourcesBuildPhase;
			buildActionMask = 2147483647;
			files = (
			);
			runOnlyForDeploymentPostprocessing = 0;
		};
/* End PBXResourcesBuildPhase section */

/* Begin PBXSourcesBuildPhase section */
		5CBBB3E1272719C100EFE74B /* Sources */ = {
			isa = PBXSourcesBuildPhase;
			buildActionMask = 2147483647;
			files = (
				5CBBB48F272796C100EFE74B /* UIApplication.swift in Sources */,
				5CBBB47627277E1A00EFE74B /* HttpUtilities.swift in Sources */,
				5CBBB46E27277DCF00EFE74B /* MovieDBManager.swift in Sources */,
				5CBBB480272782EE00EFE74B /* Login.swift in Sources */,
				5CBBB463272775CC00EFE74B /* MovieDBUserDefaults.swift in Sources */,
				5CBBB48A2727872000EFE74B /* Session.swift in Sources */,
				5CBBB4942727976200EFE74B /* MainViewController.swift in Sources */,
				5CBBB47B272781F400EFE74B /* Common.swift in Sources */,
				5CBBB45E2727746000EFE74B /* AppStoryboard.swift in Sources */,
				5CBBB3E9272719C100EFE74B /* AppDelegate.swift in Sources */,
				5CBBB456272773F900EFE74B /* UIViewController.swift in Sources */,
				5CBBB3EB272719C100EFE74B /* SceneDelegate.swift in Sources */,
				5CBBB4852727836A00EFE74B /* LoginValidation.swift in Sources */,
				5CBBB45027276C6E00EFE74B /* LoginViewController.swift in Sources */,
				5CBBB44727276BDF00EFE74B /* MovieCollectionViewCell.swift in Sources */,
				5CBBB4682727767B00EFE74B /* LoginViewModel.swift in Sources */,
			);
			runOnlyForDeploymentPostprocessing = 0;
		};
		5CBBB3F7272719D200EFE74B /* Sources */ = {
			isa = PBXSourcesBuildPhase;
			buildActionMask = 2147483647;
			files = (
				5CBBB400272719D200EFE74B /* MovieDBTests.swift in Sources */,
			);
			runOnlyForDeploymentPostprocessing = 0;
		};
		5CBBB402272719D300EFE74B /* Sources */ = {
			isa = PBXSourcesBuildPhase;
			buildActionMask = 2147483647;
			files = (
				5CBBB40B272719D300EFE74B /* MovieDBUITests.swift in Sources */,
			);
			runOnlyForDeploymentPostprocessing = 0;
		};
/* End PBXSourcesBuildPhase section */

/* Begin PBXTargetDependency section */
		5CBBB3FD272719D200EFE74B /* PBXTargetDependency */ = {
			isa = PBXTargetDependency;
			target = 5CBBB3E4272719C100EFE74B /* MovieDB */;
			targetProxy = 5CBBB3FC272719D200EFE74B /* PBXContainerItemProxy */;
		};
		5CBBB408272719D300EFE74B /* PBXTargetDependency */ = {
			isa = PBXTargetDependency;
			target = 5CBBB3E4272719C100EFE74B /* MovieDB */;
			targetProxy = 5CBBB407272719D300EFE74B /* PBXContainerItemProxy */;
		};
/* End PBXTargetDependency section */

/* Begin PBXVariantGroup section */
		5CBBB3EE272719C100EFE74B /* Main.storyboard */ = {
			isa = PBXVariantGroup;
			children = (
				5CBBB3EF272719C100EFE74B /* Base */,
			);
			name = Main.storyboard;
			sourceTree = "<group>";
		};
		5CBBB3F3272719D200EFE74B /* LaunchScreen.storyboard */ = {
			isa = PBXVariantGroup;
			children = (
				5CBBB3F4272719D200EFE74B /* Base */,
			);
			name = LaunchScreen.storyboard;
			sourceTree = "<group>";
		};
/* End PBXVariantGroup section */

/* Begin XCBuildConfiguration section */
		5CBBB40D272719D300EFE74B /* Debug */ = {
			isa = XCBuildConfiguration;
			buildSettings = {
				ALWAYS_SEARCH_USER_PATHS = NO;
				CLANG_ANALYZER_NONNULL = YES;
				CLANG_ANALYZER_NUMBER_OBJECT_CONVERSION = YES_AGGRESSIVE;
				CLANG_CXX_LANGUAGE_STANDARD = "gnu++14";
				CLANG_CXX_LIBRARY = "libc++";
				CLANG_ENABLE_MODULES = YES;
				CLANG_ENABLE_OBJC_ARC = YES;
				CLANG_ENABLE_OBJC_WEAK = YES;
				CLANG_WARN_BLOCK_CAPTURE_AUTORELEASING = YES;
				CLANG_WARN_BOOL_CONVERSION = YES;
				CLANG_WARN_COMMA = YES;
				CLANG_WARN_CONSTANT_CONVERSION = YES;
				CLANG_WARN_DEPRECATED_OBJC_IMPLEMENTATIONS = YES;
				CLANG_WARN_DIRECT_OBJC_ISA_USAGE = YES_ERROR;
				CLANG_WARN_DOCUMENTATION_COMMENTS = YES;
				CLANG_WARN_EMPTY_BODY = YES;
				CLANG_WARN_ENUM_CONVERSION = YES;
				CLANG_WARN_INFINITE_RECURSION = YES;
				CLANG_WARN_INT_CONVERSION = YES;
				CLANG_WARN_NON_LITERAL_NULL_CONVERSION = YES;
				CLANG_WARN_OBJC_IMPLICIT_RETAIN_SELF = YES;
				CLANG_WARN_OBJC_LITERAL_CONVERSION = YES;
				CLANG_WARN_OBJC_ROOT_CLASS = YES_ERROR;
				CLANG_WARN_QUOTED_INCLUDE_IN_FRAMEWORK_HEADER = YES;
				CLANG_WARN_RANGE_LOOP_ANALYSIS = YES;
				CLANG_WARN_STRICT_PROTOTYPES = YES;
				CLANG_WARN_SUSPICIOUS_MOVE = YES;
				CLANG_WARN_UNGUARDED_AVAILABILITY = YES_AGGRESSIVE;
				CLANG_WARN_UNREACHABLE_CODE = YES;
				CLANG_WARN__DUPLICATE_METHOD_MATCH = YES;
				COPY_PHASE_STRIP = NO;
				DEBUG_INFORMATION_FORMAT = dwarf;
				ENABLE_STRICT_OBJC_MSGSEND = YES;
				ENABLE_TESTABILITY = YES;
				GCC_C_LANGUAGE_STANDARD = gnu11;
				GCC_DYNAMIC_NO_PIC = NO;
				GCC_NO_COMMON_BLOCKS = YES;
				GCC_OPTIMIZATION_LEVEL = 0;
				GCC_PREPROCESSOR_DEFINITIONS = (
					"DEBUG=1",
					"$(inherited)",
				);
				GCC_WARN_64_TO_32_BIT_CONVERSION = YES;
				GCC_WARN_ABOUT_RETURN_TYPE = YES_ERROR;
				GCC_WARN_UNDECLARED_SELECTOR = YES;
				GCC_WARN_UNINITIALIZED_AUTOS = YES_AGGRESSIVE;
				GCC_WARN_UNUSED_FUNCTION = YES;
				GCC_WARN_UNUSED_VARIABLE = YES;
				IPHONEOS_DEPLOYMENT_TARGET = 14.3;
				MTL_ENABLE_DEBUG_INFO = INCLUDE_SOURCE;
				MTL_FAST_MATH = YES;
				ONLY_ACTIVE_ARCH = YES;
				SDKROOT = iphoneos;
				SWIFT_ACTIVE_COMPILATION_CONDITIONS = DEBUG;
				SWIFT_OPTIMIZATION_LEVEL = "-Onone";
			};
			name = Debug;
		};
		5CBBB40E272719D300EFE74B /* Release */ = {
			isa = XCBuildConfiguration;
			buildSettings = {
				ALWAYS_SEARCH_USER_PATHS = NO;
				CLANG_ANALYZER_NONNULL = YES;
				CLANG_ANALYZER_NUMBER_OBJECT_CONVERSION = YES_AGGRESSIVE;
				CLANG_CXX_LANGUAGE_STANDARD = "gnu++14";
				CLANG_CXX_LIBRARY = "libc++";
				CLANG_ENABLE_MODULES = YES;
				CLANG_ENABLE_OBJC_ARC = YES;
				CLANG_ENABLE_OBJC_WEAK = YES;
				CLANG_WARN_BLOCK_CAPTURE_AUTORELEASING = YES;
				CLANG_WARN_BOOL_CONVERSION = YES;
				CLANG_WARN_COMMA = YES;
				CLANG_WARN_CONSTANT_CONVERSION = YES;
				CLANG_WARN_DEPRECATED_OBJC_IMPLEMENTATIONS = YES;
				CLANG_WARN_DIRECT_OBJC_ISA_USAGE = YES_ERROR;
				CLANG_WARN_DOCUMENTATION_COMMENTS = YES;
				CLANG_WARN_EMPTY_BODY = YES;
				CLANG_WARN_ENUM_CONVERSION = YES;
				CLANG_WARN_INFINITE_RECURSION = YES;
				CLANG_WARN_INT_CONVERSION = YES;
				CLANG_WARN_NON_LITERAL_NULL_CONVERSION = YES;
				CLANG_WARN_OBJC_IMPLICIT_RETAIN_SELF = YES;
				CLANG_WARN_OBJC_LITERAL_CONVERSION = YES;
				CLANG_WARN_OBJC_ROOT_CLASS = YES_ERROR;
				CLANG_WARN_QUOTED_INCLUDE_IN_FRAMEWORK_HEADER = YES;
				CLANG_WARN_RANGE_LOOP_ANALYSIS = YES;
				CLANG_WARN_STRICT_PROTOTYPES = YES;
				CLANG_WARN_SUSPICIOUS_MOVE = YES;
				CLANG_WARN_UNGUARDED_AVAILABILITY = YES_AGGRESSIVE;
				CLANG_WARN_UNREACHABLE_CODE = YES;
				CLANG_WARN__DUPLICATE_METHOD_MATCH = YES;
				COPY_PHASE_STRIP = NO;
				DEBUG_INFORMATION_FORMAT = "dwarf-with-dsym";
				ENABLE_NS_ASSERTIONS = NO;
				ENABLE_STRICT_OBJC_MSGSEND = YES;
				GCC_C_LANGUAGE_STANDARD = gnu11;
				GCC_NO_COMMON_BLOCKS = YES;
				GCC_WARN_64_TO_32_BIT_CONVERSION = YES;
				GCC_WARN_ABOUT_RETURN_TYPE = YES_ERROR;
				GCC_WARN_UNDECLARED_SELECTOR = YES;
				GCC_WARN_UNINITIALIZED_AUTOS = YES_AGGRESSIVE;
				GCC_WARN_UNUSED_FUNCTION = YES;
				GCC_WARN_UNUSED_VARIABLE = YES;
				IPHONEOS_DEPLOYMENT_TARGET = 14.3;
				MTL_ENABLE_DEBUG_INFO = NO;
				MTL_FAST_MATH = YES;
				SDKROOT = iphoneos;
				SWIFT_COMPILATION_MODE = wholemodule;
				SWIFT_OPTIMIZATION_LEVEL = "-O";
				VALIDATE_PRODUCT = YES;
			};
			name = Release;
		};
		5CBBB410272719D300EFE74B /* Debug */ = {
			isa = XCBuildConfiguration;
			buildSettings = {
				ASSETCATALOG_COMPILER_APPICON_NAME = AppIcon;
				ASSETCATALOG_COMPILER_GLOBAL_ACCENT_COLOR_NAME = AccentColor;
				CODE_SIGN_STYLE = Automatic;
				INFOPLIST_FILE = MovieDB/Info.plist;
				LD_RUNPATH_SEARCH_PATHS = (
					"$(inherited)",
					"@executable_path/Frameworks",
				);
				PRODUCT_BUNDLE_IDENTIFIER = ragnarok.MovieDB;
				PRODUCT_NAME = "$(TARGET_NAME)";
				SWIFT_VERSION = 5.0;
				TARGETED_DEVICE_FAMILY = "1,2";
			};
			name = Debug;
		};
		5CBBB411272719D300EFE74B /* Release */ = {
			isa = XCBuildConfiguration;
			buildSettings = {
				ASSETCATALOG_COMPILER_APPICON_NAME = AppIcon;
				ASSETCATALOG_COMPILER_GLOBAL_ACCENT_COLOR_NAME = AccentColor;
				CODE_SIGN_STYLE = Automatic;
				INFOPLIST_FILE = MovieDB/Info.plist;
				LD_RUNPATH_SEARCH_PATHS = (
					"$(inherited)",
					"@executable_path/Frameworks",
				);
				PRODUCT_BUNDLE_IDENTIFIER = ragnarok.MovieDB;
				PRODUCT_NAME = "$(TARGET_NAME)";
				SWIFT_VERSION = 5.0;
				TARGETED_DEVICE_FAMILY = "1,2";
			};
			name = Release;
		};
		5CBBB413272719D300EFE74B /* Debug */ = {
			isa = XCBuildConfiguration;
			buildSettings = {
				ALWAYS_EMBED_SWIFT_STANDARD_LIBRARIES = YES;
				BUNDLE_LOADER = "$(TEST_HOST)";
				CODE_SIGN_STYLE = Automatic;
				INFOPLIST_FILE = MovieDBTests/Info.plist;
				IPHONEOS_DEPLOYMENT_TARGET = 14.3;
				LD_RUNPATH_SEARCH_PATHS = (
					"$(inherited)",
					"@executable_path/Frameworks",
					"@loader_path/Frameworks",
				);
				PRODUCT_BUNDLE_IDENTIFIER = ragnarok.MovieDBTests;
				PRODUCT_NAME = "$(TARGET_NAME)";
				SWIFT_VERSION = 5.0;
				TARGETED_DEVICE_FAMILY = "1,2";
				TEST_HOST = "$(BUILT_PRODUCTS_DIR)/MovieDB.app/MovieDB";
			};
			name = Debug;
		};
		5CBBB414272719D300EFE74B /* Release */ = {
			isa = XCBuildConfiguration;
			buildSettings = {
				ALWAYS_EMBED_SWIFT_STANDARD_LIBRARIES = YES;
				BUNDLE_LOADER = "$(TEST_HOST)";
				CODE_SIGN_STYLE = Automatic;
				INFOPLIST_FILE = MovieDBTests/Info.plist;
				IPHONEOS_DEPLOYMENT_TARGET = 14.3;
				LD_RUNPATH_SEARCH_PATHS = (
					"$(inherited)",
					"@executable_path/Frameworks",
					"@loader_path/Frameworks",
				);
				PRODUCT_BUNDLE_IDENTIFIER = ragnarok.MovieDBTests;
				PRODUCT_NAME = "$(TARGET_NAME)";
				SWIFT_VERSION = 5.0;
				TARGETED_DEVICE_FAMILY = "1,2";
				TEST_HOST = "$(BUILT_PRODUCTS_DIR)/MovieDB.app/MovieDB";
			};
			name = Release;
		};
		5CBBB416272719D300EFE74B /* Debug */ = {
			isa = XCBuildConfiguration;
			buildSettings = {
				ALWAYS_EMBED_SWIFT_STANDARD_LIBRARIES = YES;
				CODE_SIGN_STYLE = Automatic;
				INFOPLIST_FILE = MovieDBUITests/Info.plist;
				LD_RUNPATH_SEARCH_PATHS = (
					"$(inherited)",
					"@executable_path/Frameworks",
					"@loader_path/Frameworks",
				);
				PRODUCT_BUNDLE_IDENTIFIER = ragnarok.MovieDBUITests;
				PRODUCT_NAME = "$(TARGET_NAME)";
				SWIFT_VERSION = 5.0;
				TARGETED_DEVICE_FAMILY = "1,2";
				TEST_TARGET_NAME = MovieDB;
			};
			name = Debug;
		};
		5CBBB417272719D300EFE74B /* Release */ = {
			isa = XCBuildConfiguration;
			buildSettings = {
				ALWAYS_EMBED_SWIFT_STANDARD_LIBRARIES = YES;
				CODE_SIGN_STYLE = Automatic;
				INFOPLIST_FILE = MovieDBUITests/Info.plist;
				LD_RUNPATH_SEARCH_PATHS = (
					"$(inherited)",
					"@executable_path/Frameworks",
					"@loader_path/Frameworks",
				);
				PRODUCT_BUNDLE_IDENTIFIER = ragnarok.MovieDBUITests;
				PRODUCT_NAME = "$(TARGET_NAME)";
				SWIFT_VERSION = 5.0;
				TARGETED_DEVICE_FAMILY = "1,2";
				TEST_TARGET_NAME = MovieDB;
			};
			name = Release;
		};
/* End XCBuildConfiguration section */

/* Begin XCConfigurationList section */
		5CBBB3E0272719C100EFE74B /* Build configuration list for PBXProject "MovieDB" */ = {
			isa = XCConfigurationList;
			buildConfigurations = (
				5CBBB40D272719D300EFE74B /* Debug */,
				5CBBB40E272719D300EFE74B /* Release */,
			);
			defaultConfigurationIsVisible = 0;
			defaultConfigurationName = Release;
		};
		5CBBB40F272719D300EFE74B /* Build configuration list for PBXNativeTarget "MovieDB" */ = {
			isa = XCConfigurationList;
			buildConfigurations = (
				5CBBB410272719D300EFE74B /* Debug */,
				5CBBB411272719D300EFE74B /* Release */,
			);
			defaultConfigurationIsVisible = 0;
			defaultConfigurationName = Release;
		};
		5CBBB412272719D300EFE74B /* Build configuration list for PBXNativeTarget "MovieDBTests" */ = {
			isa = XCConfigurationList;
			buildConfigurations = (
				5CBBB413272719D300EFE74B /* Debug */,
				5CBBB414272719D300EFE74B /* Release */,
			);
			defaultConfigurationIsVisible = 0;
			defaultConfigurationName = Release;
		};
		5CBBB415272719D300EFE74B /* Build configuration list for PBXNativeTarget "MovieDBUITests" */ = {
			isa = XCConfigurationList;
			buildConfigurations = (
				5CBBB416272719D300EFE74B /* Debug */,
				5CBBB417272719D300EFE74B /* Release */,
			);
			defaultConfigurationIsVisible = 0;
			defaultConfigurationName = Release;
		};
/* End XCConfigurationList section */
	};
	rootObject = 5CBBB3DD272719C100EFE74B /* Project object */;
}
